
Microsoft Visual Studio Solution File, Format Version 12.00
# Visual Studio Version 17
VisualStudioVersion = 17.14.36414.22 d17.14
MinimumVisualStudioVersion = 10.0.40219.1
Project("{FAE04EC0-301F-11D3-BF4B-00C04F79EFBC}") = "ThormaFrontend", "ThormaFrontend\ThormaFrontend.csproj", "{512E49DD-C5E0-438B-B47E-5753A4DE6566}"
EndProject
Global
	GlobalSection(SolutionConfigurationPlatforms) = preSolution
		Debug|Any CPU = Debug|Any CPU
		Release|Any CPU = Release|Any CPU
	EndGlobalSection
	GlobalSection(ProjectConfigurationPlatforms) = postSolution
		{512E49DD-C5E0-438B-B47E-5753A4DE6566}.Debug|Any CPU.ActiveCfg = Debug|Any CPU
		{512E49DD-C5E0-438B-B47E-5753A4DE6566}.Debug|Any CPU.Build.0 = Debug|Any CPU
		{512E49DD-C5E0-438B-B47E-5753A4DE6566}.Release|Any CPU.ActiveCfg = Release|Any CPU
		{512E49DD-C5E0-438B-B47E-5753A4DE6566}.Release|Any CPU.Build.0 = Release|Any CPU
	EndGlobalSection
	GlobalSection(SolutionProperties) = preSolution
		HideSolutionNode = FALSE
	EndGlobalSection
	GlobalSection(ExtensibilityGlobals) = postSolution
		SolutionGuid = {C867A046-A309-4ACB-BC40-F640D2B05FB5}
	EndGlobalSection
EndGlobal
